
Microsoft Visual Studio Solution File, Format Version 12.00
# Visual Studio 2012
Project("{FAE04EC0-301F-11D3-BF4B-00C04F79EFBC}") = "TcpipClient", "TcpipClient\TcpipClient.csproj", "{39ED9F7B-4AEC-4783-BC88-C685F841016B}"
EndProject
Global
	GlobalSection(SolutionConfigurationPlatforms) = preSolution
		Debug|Any CPU = Debug|Any CPU
		Release|Any CPU = Release|Any CPU
	EndGlobalSection
	GlobalSection(ProjectConfigurationPlatforms) = postSolution
		{39ED9F7B-4AEC-4783-BC88-C685F841016B}.Debug|Any CPU.ActiveCfg = Debug|Any CPU
		{39ED9F7B-4AEC-4783-BC88-C685F841016B}.Debug|Any CPU.Build.0 = Debug|Any CPU
		{39ED9F7B-4AEC-4783-BC88-C685F841016B}.Release|Any CPU.ActiveCfg = Release|Any CPU
		{39ED9F7B-4AEC-4783-BC88-C685F841016B}.Release|Any CPU.Build.0 = Release|Any CPU
	EndGlobalSection
	GlobalSection(SolutionProperties) = preSolution
		HideSolutionNode = FALSE
	EndGlobalSection
EndGlobal
